
Microsoft Visual Studio Solution File, Format Version 12.00
# Visual Studio Version 17
VisualStudioVersion = 17.5.2.0
MinimumVisualStudioVersion = 10.0.40219.1
Project("{FAE04EC0-301F-11D3-BF4B-00C04F79EFBC}") = "palindromeChecker", "palindromeChecker\palindromeChecker.csproj", "{F864046A-2B0A-9812-6E20-B4D846D2015E}"
EndProject
Project("{FAE04EC0-301F-11D3-BF4B-00C04F79EFBC}") = "fizzBuzz", "fizzBuzz\fizzBuzz.csproj", "{67F404D3-9BD2-470E-935F-687A3324C27F}"
EndProject
Project("{FAE04EC0-301F-11D3-BF4B-00C04F79EFBC}") = "FizzBuzz.test", "FizzBuzz.test\FizzBuzz.test.csproj", "{103861D0-F5DF-4D42-A02E-BBBEC3BEC63A}"
EndProject
Project("{FAE04EC0-301F-11D3-BF4B-00C04F79EFBC}") = "LinqFilter", "LinqFilter\LinqFilter.csproj", "{149AA6FE-2C3F-4BE4-BFC1-44BE6A222CE8}"
EndProject
Project("{FAE04EC0-301F-11D3-BF4B-00C04F79EFBC}") = "LinqFilter.Test", "LinqFilter.Test\LinqFilter.Test.csproj", "{2DF62553-3039-47C6-ACEA-F4515834A761}"
EndProject
Global
	GlobalSection(SolutionConfigurationPlatforms) = preSolution
		Debug|Any CPU = Debug|Any CPU
		Debug|x64 = Debug|x64
		Debug|x86 = Debug|x86
		Release|Any CPU = Release|Any CPU
		Release|x64 = Release|x64
		Release|x86 = Release|x86
	EndGlobalSection
	GlobalSection(ProjectConfigurationPlatforms) = postSolution
		{F864046A-2B0A-9812-6E20-B4D846D2015E}.Debug|Any CPU.ActiveCfg = Debug|Any CPU
		{F864046A-2B0A-9812-6E20-B4D846D2015E}.Debug|Any CPU.Build.0 = Debug|Any CPU
		{F864046A-2B0A-9812-6E20-B4D846D2015E}.Debug|x64.ActiveCfg = Debug|Any CPU
		{F864046A-2B0A-9812-6E20-B4D846D2015E}.Debug|x64.Build.0 = Debug|Any CPU
		{F864046A-2B0A-9812-6E20-B4D846D2015E}.Debug|x86.ActiveCfg = Debug|Any CPU
		{F864046A-2B0A-9812-6E20-B4D846D2015E}.Debug|x86.Build.0 = Debug|Any CPU
		{F864046A-2B0A-9812-6E20-B4D846D2015E}.Release|Any CPU.ActiveCfg = Release|Any CPU
		{F864046A-2B0A-9812-6E20-B4D846D2015E}.Release|Any CPU.Build.0 = Release|Any CPU
		{F864046A-2B0A-9812-6E20-B4D846D2015E}.Release|x64.ActiveCfg = Release|Any CPU
		{F864046A-2B0A-9812-6E20-B4D846D2015E}.Release|x64.Build.0 = Release|Any CPU
		{F864046A-2B0A-9812-6E20-B4D846D2015E}.Release|x86.ActiveCfg = Release|Any CPU
		{F864046A-2B0A-9812-6E20-B4D846D2015E}.Release|x86.Build.0 = Release|Any CPU
		{67F404D3-9BD2-470E-935F-687A3324C27F}.Debug|Any CPU.ActiveCfg = Debug|Any CPU
		{67F404D3-9BD2-470E-935F-687A3324C27F}.Debug|Any CPU.Build.0 = Debug|Any CPU
		{67F404D3-9BD2-470E-935F-687A3324C27F}.Debug|x64.ActiveCfg = Debug|Any CPU
		{67F404D3-9BD2-470E-935F-687A3324C27F}.Debug|x64.Build.0 = Debug|Any CPU
		{67F404D3-9BD2-470E-935F-687A3324C27F}.Debug|x86.ActiveCfg = Debug|Any CPU
		{67F404D3-9BD2-470E-935F-687A3324C27F}.Debug|x86.Build.0 = Debug|Any CPU
		{67F404D3-9BD2-470E-935F-687A3324C27F}.Release|Any CPU.ActiveCfg = Release|Any CPU
		{67F404D3-9BD2-470E-935F-687A3324C27F}.Release|Any CPU.Build.0 = Release|Any CPU
		{67F404D3-9BD2-470E-935F-687A3324C27F}.Release|x64.ActiveCfg = Release|Any CPU
		{67F404D3-9BD2-470E-935F-687A3324C27F}.Release|x64.Build.0 = Release|Any CPU
		{67F404D3-9BD2-470E-935F-687A3324C27F}.Release|x86.ActiveCfg = Release|Any CPU
		{67F404D3-9BD2-470E-935F-687A3324C27F}.Release|x86.Build.0 = Release|Any CPU
		{103861D0-F5DF-4D42-A02E-BBBEC3BEC63A}.Debug|Any CPU.ActiveCfg = Debug|Any CPU
		{103861D0-F5DF-4D42-A02E-BBBEC3BEC63A}.Debug|Any CPU.Build.0 = Debug|Any CPU
		{103861D0-F5DF-4D42-A02E-BBBEC3BEC63A}.Debug|x64.ActiveCfg = Debug|Any CPU
		{103861D0-F5DF-4D42-A02E-BBBEC3BEC63A}.Debug|x64.Build.0 = Debug|Any CPU
		{103861D0-F5DF-4D42-A02E-BBBEC3BEC63A}.Debug|x86.ActiveCfg = Debug|Any CPU
		{103861D0-F5DF-4D42-A02E-BBBEC3BEC63A}.Debug|x86.Build.0 = Debug|Any CPU
		{103861D0-F5DF-4D42-A02E-BBBEC3BEC63A}.Release|Any CPU.ActiveCfg = Release|Any CPU
		{103861D0-F5DF-4D42-A02E-BBBEC3BEC63A}.Release|Any CPU.Build.0 = Release|Any CPU
		{103861D0-F5DF-4D42-A02E-BBBEC3BEC63A}.Release|x64.ActiveCfg = Release|Any CPU
		{103861D0-F5DF-4D42-A02E-BBBEC3BEC63A}.Release|x64.Build.0 = Release|Any CPU
		{103861D0-F5DF-4D42-A02E-BBBEC3BEC63A}.Release|x86.ActiveCfg = Release|Any CPU
		{103861D0-F5DF-4D42-A02E-BBBEC3BEC63A}.Release|x86.Build.0 = Release|Any CPU
		{149AA6FE-2C3F-4BE4-BFC1-44BE6A222CE8}.Debug|Any CPU.ActiveCfg = Debug|Any CPU
		{149AA6FE-2C3F-4BE4-BFC1-44BE6A222CE8}.Debug|Any CPU.Build.0 = Debug|Any CPU
		{149AA6FE-2C3F-4BE4-BFC1-44BE6A222CE8}.Debug|x64.ActiveCfg = Debug|Any CPU
		{149AA6FE-2C3F-4BE4-BFC1-44BE6A222CE8}.Debug|x64.Build.0 = Debug|Any CPU
		{149AA6FE-2C3F-4BE4-BFC1-44BE6A222CE8}.Debug|x86.ActiveCfg = Debug|Any CPU
		{149AA6FE-2C3F-4BE4-BFC1-44BE6A222CE8}.Debug|x86.Build.0 = Debug|Any CPU
		{149AA6FE-2C3F-4BE4-BFC1-44BE6A222CE8}.Release|Any CPU.ActiveCfg = Release|Any CPU
		{149AA6FE-2C3F-4BE4-BFC1-44BE6A222CE8}.Release|Any CPU.Build.0 = Release|Any CPU
		{149AA6FE-2C3F-4BE4-BFC1-44BE6A222CE8}.Release|x64.ActiveCfg = Release|Any CPU
		{149AA6FE-2C3F-4BE4-BFC1-44BE6A222CE8}.Release|x64.Build.0 = Release|Any CPU
		{149AA6FE-2C3F-4BE4-BFC1-44BE6A222CE8}.Release|x86.ActiveCfg = Release|Any CPU
		{149AA6FE-2C3F-4BE4-BFC1-44BE6A222CE8}.Release|x86.Build.0 = Release|Any CPU
		{2DF62553-3039-47C6-ACEA-F4515834A761}.Debug|Any CPU.ActiveCfg = Debug|Any CPU
		{2DF62553-3039-47C6-ACEA-F4515834A761}.Debug|Any CPU.Build.0 = Debug|Any CPU
		{2DF62553-3039-47C6-ACEA-F4515834A761}.Debug|x64.ActiveCfg = Debug|Any CPU
		{2DF62553-3039-47C6-ACEA-F4515834A761}.Debug|x64.Build.0 = Debug|Any CPU
		{2DF62553-3039-47C6-ACEA-F4515834A761}.Debug|x86.ActiveCfg = Debug|Any CPU
		{2DF62553-3039-47C6-ACEA-F4515834A761}.Debug|x86.Build.0 = Debug|Any CPU
		{2DF62553-3039-47C6-ACEA-F4515834A761}.Release|Any CPU.ActiveCfg = Release|Any CPU
		{2DF62553-3039-47C6-ACEA-F4515834A761}.Release|Any CPU.Build.0 = Release|Any CPU
		{2DF62553-3039-47C6-ACEA-F4515834A761}.Release|x64.ActiveCfg = Release|Any CPU
		{2DF62553-3039-47C6-ACEA-F4515834A761}.Release|x64.Build.0 = Release|Any CPU
		{2DF62553-3039-47C6-ACEA-F4515834A761}.Release|x86.ActiveCfg = Release|Any CPU
		{2DF62553-3039-47C6-ACEA-F4515834A761}.Release|x86.Build.0 = Release|Any CPU
	EndGlobalSection
	GlobalSection(SolutionProperties) = preSolution
		HideSolutionNode = FALSE
	EndGlobalSection
	GlobalSection(ExtensibilityGlobals) = postSolution
		SolutionGuid = {6007EDB5-6A26-4985-A7AE-B0974A22AF37}
	EndGlobalSection
EndGlobal
